
Microsoft Visual Studio Solution File, Format Version 12.00
# Visual Studio 2013
VisualStudioVersion = 12.0.40629.0
MinimumVisualStudioVersion = 10.0.40219.1
Project("{2150E333-8FDC-42A3-9474-1A3956D46DE8}") = "Domain", "Domain", "{DA5CC7E3-FBCC-4EC4-9C6F-713FAA9B1AC3}"
EndProject
Project("{2150E333-8FDC-42A3-9474-1A3956D46DE8}") = "Infrastructure", "Infrastructure", "{3BFD5C3C-E5F0-48ED-BD7F-D4F2800CCBC6}"
EndProject
Project("{2150E333-8FDC-42A3-9474-1A3956D46DE8}") = "Presentation", "Presentation", "{64CF7833-3979-45F1-9665-1C197C263419}"
EndProject
Project("{2150E333-8FDC-42A3-9474-1A3956D46DE8}") = "Tests", "Tests", "{279538A5-3BF2-46A9-A089-A7DF7D78B53E}"
EndProject
Project("{2150E333-8FDC-42A3-9474-1A3956D46DE8}") = "Deployments", "Deployments", "{9FCBC5CF-05E7-455D-A1FF-D2E19548A712}"
EndProject
Project("{2150E333-8FDC-42A3-9474-1A3956D46DE8}") = "Services", "Services", "{E7F49D30-9C75-49F1-945E-E9482764B83D}"
EndProject
Project("{FAE04EC0-301F-11D3-BF4B-00C04F79EFBC}") = "Domain.Contracts", "Infrastructure\Domain.Contracts\Domain.Contracts.csproj", "{359908E3-C29A-422A-95C1-EFBF176C8683}"
EndProject
Project("{2150E333-8FDC-42A3-9474-1A3956D46DE8}") = "Applications", "Applications", "{021958A7-B3FB-41E5-AE74-55D67546A130}"
EndProject
Project("{2150E333-8FDC-42A3-9474-1A3956D46DE8}") = "Commands", "Commands", "{5D61067B-4830-4323-8C25-EA3F8369DDB7}"
EndProject
Project("{2150E333-8FDC-42A3-9474-1A3956D46DE8}") = "Events", "Events", "{4F9EAD82-FB46-42AC-B3BB-089F9116B895}"
EndProject
Project("{2150E333-8FDC-42A3-9474-1A3956D46DE8}") = "Handlers", "Handlers", "{9B04FB87-4F01-41E2-BB3F-434C5B862FA0}"
EndProject
Project("{FAE04EC0-301F-11D3-BF4B-00C04F79EFBC}") = "PlaceApplication", "Domain\Applications\Commands\PlaceApplication\PlaceApplication.csproj", "{F33AF2FF-46AF-4DDD-BCF1-A3BF5E19BB1C}"
EndProject
Project("{FAE04EC0-301F-11D3-BF4B-00C04F79EFBC}") = "ApplicationPlaced", "Domain\Applications\Events\ApplicationPlaced\ApplicationPlaced.csproj", "{A3C77B8F-D25A-4EC2-9E5D-09309D753CEA}"
EndProject
Project("{FAE04EC0-301F-11D3-BF4B-00C04F79EFBC}") = "ApplicationRegistration", "Domain\Applications\Handlers\ApplicationRegistration\ApplicationRegistration.csproj", "{5B0D2DEB-AA78-43A3-8471-19CB2241A962}"
EndProject
Project("{FAE04EC0-301F-11D3-BF4B-00C04F79EFBC}") = "ApplicationAssessment", "Domain\Applications\Handlers\ApplicationAssessment\ApplicationAssessment.csproj", "{FAEBF163-B76F-441D-AE6B-E43929632B28}"
EndProject
Global
	GlobalSection(SolutionConfigurationPlatforms) = preSolution
		Debug|Any CPU = Debug|Any CPU
		Release|Any CPU = Release|Any CPU
	EndGlobalSection
	GlobalSection(ProjectConfigurationPlatforms) = postSolution
		{359908E3-C29A-422A-95C1-EFBF176C8683}.Debug|Any CPU.ActiveCfg = Debug|Any CPU
		{359908E3-C29A-422A-95C1-EFBF176C8683}.Debug|Any CPU.Build.0 = Debug|Any CPU
		{359908E3-C29A-422A-95C1-EFBF176C8683}.Release|Any CPU.ActiveCfg = Release|Any CPU
		{359908E3-C29A-422A-95C1-EFBF176C8683}.Release|Any CPU.Build.0 = Release|Any CPU
		{F33AF2FF-46AF-4DDD-BCF1-A3BF5E19BB1C}.Debug|Any CPU.ActiveCfg = Debug|Any CPU
		{F33AF2FF-46AF-4DDD-BCF1-A3BF5E19BB1C}.Debug|Any CPU.Build.0 = Debug|Any CPU
		{F33AF2FF-46AF-4DDD-BCF1-A3BF5E19BB1C}.Release|Any CPU.ActiveCfg = Release|Any CPU
		{F33AF2FF-46AF-4DDD-BCF1-A3BF5E19BB1C}.Release|Any CPU.Build.0 = Release|Any CPU
		{A3C77B8F-D25A-4EC2-9E5D-09309D753CEA}.Debug|Any CPU.ActiveCfg = Debug|Any CPU
		{A3C77B8F-D25A-4EC2-9E5D-09309D753CEA}.Debug|Any CPU.Build.0 = Debug|Any CPU
		{A3C77B8F-D25A-4EC2-9E5D-09309D753CEA}.Release|Any CPU.ActiveCfg = Release|Any CPU
		{A3C77B8F-D25A-4EC2-9E5D-09309D753CEA}.Release|Any CPU.Build.0 = Release|Any CPU
		{5B0D2DEB-AA78-43A3-8471-19CB2241A962}.Debug|Any CPU.ActiveCfg = Debug|Any CPU
		{5B0D2DEB-AA78-43A3-8471-19CB2241A962}.Debug|Any CPU.Build.0 = Debug|Any CPU
		{5B0D2DEB-AA78-43A3-8471-19CB2241A962}.Release|Any CPU.ActiveCfg = Release|Any CPU
		{5B0D2DEB-AA78-43A3-8471-19CB2241A962}.Release|Any CPU.Build.0 = Release|Any CPU
		{FAEBF163-B76F-441D-AE6B-E43929632B28}.Debug|Any CPU.ActiveCfg = Debug|Any CPU
		{FAEBF163-B76F-441D-AE6B-E43929632B28}.Debug|Any CPU.Build.0 = Debug|Any CPU
		{FAEBF163-B76F-441D-AE6B-E43929632B28}.Release|Any CPU.ActiveCfg = Release|Any CPU
		{FAEBF163-B76F-441D-AE6B-E43929632B28}.Release|Any CPU.Build.0 = Release|Any CPU
	EndGlobalSection
	GlobalSection(SolutionProperties) = preSolution
		HideSolutionNode = FALSE
	EndGlobalSection
	GlobalSection(NestedProjects) = preSolution
		{359908E3-C29A-422A-95C1-EFBF176C8683} = {3BFD5C3C-E5F0-48ED-BD7F-D4F2800CCBC6}
		{021958A7-B3FB-41E5-AE74-55D67546A130} = {DA5CC7E3-FBCC-4EC4-9C6F-713FAA9B1AC3}
		{5D61067B-4830-4323-8C25-EA3F8369DDB7} = {021958A7-B3FB-41E5-AE74-55D67546A130}
		{4F9EAD82-FB46-42AC-B3BB-089F9116B895} = {021958A7-B3FB-41E5-AE74-55D67546A130}
		{9B04FB87-4F01-41E2-BB3F-434C5B862FA0} = {021958A7-B3FB-41E5-AE74-55D67546A130}
		{F33AF2FF-46AF-4DDD-BCF1-A3BF5E19BB1C} = {5D61067B-4830-4323-8C25-EA3F8369DDB7}
		{A3C77B8F-D25A-4EC2-9E5D-09309D753CEA} = {4F9EAD82-FB46-42AC-B3BB-089F9116B895}
		{5B0D2DEB-AA78-43A3-8471-19CB2241A962} = {9B04FB87-4F01-41E2-BB3F-434C5B862FA0}
		{FAEBF163-B76F-441D-AE6B-E43929632B28} = {9B04FB87-4F01-41E2-BB3F-434C5B862FA0}
	EndGlobalSection
EndGlobal
